
Microsoft Visual Studio Solution File, Format Version 12.00
# Visual Studio 15
VisualStudioVersion = 15.0.27703.2047
MinimumVisualStudioVersion = 10.0.40219.1
Project("{FAE04EC0-301F-11D3-BF4B-00C04F79EFBC}") = "PapiroWeb", "PapiroWeb\PapiroWeb.csproj", "{6CB8CE80-FF81-42C4-8423-A892000B8976}"
	ProjectSection(ProjectDependencies) = postProject
		{4AF0AD54-FCB8-4E16-82A1-583AE665EA8B} = {4AF0AD54-FCB8-4E16-82A1-583AE665EA8B}
	EndProjectSection
EndProject
Project("{FAE04EC0-301F-11D3-BF4B-00C04F79EFBC}") = "papiro.DALC", "papiro.DALC\papiro.DALC.csproj", "{9804603A-966B-4DBA-A5A6-C591B4B47478}"
EndProject
Project("{FAE04EC0-301F-11D3-BF4B-00C04F79EFBC}") = "papiro.Negocio", "papiro.Negocio\papiro.Negocio.csproj", "{F7304EB3-39D0-443B-846E-1C30178F9B8F}"
EndProject
Project("{FAE04EC0-301F-11D3-BF4B-00C04F79EFBC}") = "AutenticacionService", "AutenticacionService\AutenticacionService.csproj", "{4AF0AD54-FCB8-4E16-82A1-583AE665EA8B}"
EndProject
Project("{FAE04EC0-301F-11D3-BF4B-00C04F79EFBC}") = "papiro.PruebasUnitarias", "papiro.PruebasUnitarias\papiro.PruebasUnitarias.csproj", "{D7E572FE-0585-4F47-AF61-91788FB8E1EA}"
EndProject
Project("{F14B399A-7131-4C87-9E4B-1186C45EF12D}") = "papiro.Informes", "papiro.Informes\papiro.Informes.rptproj", "{F305D63A-A47B-432E-86F6-2E8586445689}"
EndProject
Global
	GlobalSection(SolutionConfigurationPlatforms) = preSolution
		Debug|Any CPU = Debug|Any CPU
		DebugLocal|Any CPU = DebugLocal|Any CPU
		Release|Any CPU = Release|Any CPU
	EndGlobalSection
	GlobalSection(ProjectConfigurationPlatforms) = postSolution
		{6CB8CE80-FF81-42C4-8423-A892000B8976}.Debug|Any CPU.ActiveCfg = Debug|Any CPU
		{6CB8CE80-FF81-42C4-8423-A892000B8976}.Debug|Any CPU.Build.0 = Debug|Any CPU
		{6CB8CE80-FF81-42C4-8423-A892000B8976}.DebugLocal|Any CPU.ActiveCfg = Debug|Any CPU
		{6CB8CE80-FF81-42C4-8423-A892000B8976}.DebugLocal|Any CPU.Build.0 = Debug|Any CPU
		{6CB8CE80-FF81-42C4-8423-A892000B8976}.Release|Any CPU.ActiveCfg = Release|Any CPU
		{6CB8CE80-FF81-42C4-8423-A892000B8976}.Release|Any CPU.Build.0 = Release|Any CPU
		{9804603A-966B-4DBA-A5A6-C591B4B47478}.Debug|Any CPU.ActiveCfg = Debug|Any CPU
		{9804603A-966B-4DBA-A5A6-C591B4B47478}.Debug|Any CPU.Build.0 = Debug|Any CPU
		{9804603A-966B-4DBA-A5A6-C591B4B47478}.DebugLocal|Any CPU.ActiveCfg = Debug|Any CPU
		{9804603A-966B-4DBA-A5A6-C591B4B47478}.DebugLocal|Any CPU.Build.0 = Debug|Any CPU
		{9804603A-966B-4DBA-A5A6-C591B4B47478}.Release|Any CPU.ActiveCfg = Release|Any CPU
		{9804603A-966B-4DBA-A5A6-C591B4B47478}.Release|Any CPU.Build.0 = Release|Any CPU
		{F7304EB3-39D0-443B-846E-1C30178F9B8F}.Debug|Any CPU.ActiveCfg = Debug|Any CPU
		{F7304EB3-39D0-443B-846E-1C30178F9B8F}.Debug|Any CPU.Build.0 = Debug|Any CPU
		{F7304EB3-39D0-443B-846E-1C30178F9B8F}.DebugLocal|Any CPU.ActiveCfg = Debug|Any CPU
		{F7304EB3-39D0-443B-846E-1C30178F9B8F}.DebugLocal|Any CPU.Build.0 = Debug|Any CPU
		{F7304EB3-39D0-443B-846E-1C30178F9B8F}.Release|Any CPU.ActiveCfg = Release|Any CPU
		{F7304EB3-39D0-443B-846E-1C30178F9B8F}.Release|Any CPU.Build.0 = Release|Any CPU
		{4AF0AD54-FCB8-4E16-82A1-583AE665EA8B}.Debug|Any CPU.ActiveCfg = Debug|Any CPU
		{4AF0AD54-FCB8-4E16-82A1-583AE665EA8B}.Debug|Any CPU.Build.0 = Debug|Any CPU
		{4AF0AD54-FCB8-4E16-82A1-583AE665EA8B}.DebugLocal|Any CPU.ActiveCfg = Debug|Any CPU
		{4AF0AD54-FCB8-4E16-82A1-583AE665EA8B}.DebugLocal|Any CPU.Build.0 = Debug|Any CPU
		{4AF0AD54-FCB8-4E16-82A1-583AE665EA8B}.Release|Any CPU.ActiveCfg = Release|Any CPU
		{4AF0AD54-FCB8-4E16-82A1-583AE665EA8B}.Release|Any CPU.Build.0 = Release|Any CPU
		{D7E572FE-0585-4F47-AF61-91788FB8E1EA}.Debug|Any CPU.ActiveCfg = Debug|Any CPU
		{D7E572FE-0585-4F47-AF61-91788FB8E1EA}.Debug|Any CPU.Build.0 = Debug|Any CPU
		{D7E572FE-0585-4F47-AF61-91788FB8E1EA}.DebugLocal|Any CPU.ActiveCfg = Debug|Any CPU
		{D7E572FE-0585-4F47-AF61-91788FB8E1EA}.DebugLocal|Any CPU.Build.0 = Debug|Any CPU
		{D7E572FE-0585-4F47-AF61-91788FB8E1EA}.Release|Any CPU.ActiveCfg = Release|Any CPU
		{D7E572FE-0585-4F47-AF61-91788FB8E1EA}.Release|Any CPU.Build.0 = Release|Any CPU
		{F305D63A-A47B-432E-86F6-2E8586445689}.Debug|Any CPU.ActiveCfg = Debug
		{F305D63A-A47B-432E-86F6-2E8586445689}.Debug|Any CPU.Build.0 = Debug
		{F305D63A-A47B-432E-86F6-2E8586445689}.Debug|Any CPU.Deploy.0 = Debug
		{F305D63A-A47B-432E-86F6-2E8586445689}.DebugLocal|Any CPU.ActiveCfg = DebugLocal
		{F305D63A-A47B-432E-86F6-2E8586445689}.DebugLocal|Any CPU.Build.0 = DebugLocal
		{F305D63A-A47B-432E-86F6-2E8586445689}.Release|Any CPU.ActiveCfg = Release
		{F305D63A-A47B-432E-86F6-2E8586445689}.Release|Any CPU.Build.0 = Release
		{F305D63A-A47B-432E-86F6-2E8586445689}.Release|Any CPU.Deploy.0 = Release
	EndGlobalSection
	GlobalSection(SolutionProperties) = preSolution
		HideSolutionNode = FALSE
	EndGlobalSection
	GlobalSection(ExtensibilityGlobals) = postSolution
		SolutionGuid = {9EBF4EB3-69F4-4944-97C0-BCE7A2598A1B}
	EndGlobalSection
EndGlobal
